
Microsoft Visual Studio Solution File, Format Version 12.00
# Visual Studio Version 17
VisualStudioVersion = 17.5.002.0
MinimumVisualStudioVersion = 10.0.40219.1
Project("{9A19103F-16F7-4668-BE54-9A1E7A4F7556}") = "Mang (Array)", "Mang (Array).csproj", "{0E583840-867F-472C-B004-365C9A060BCE}"
EndProject
Global
	GlobalSection(SolutionConfigurationPlatforms) = preSolution
		Debug|Any CPU = Debug|Any CPU
		Release|Any CPU = Release|Any CPU
	EndGlobalSection
	GlobalSection(ProjectConfigurationPlatforms) = postSolution
		{0E583840-867F-472C-B004-365C9A060BCE}.Debug|Any CPU.ActiveCfg = Debug|Any CPU
		{0E583840-867F-472C-B004-365C9A060BCE}.Debug|Any CPU.Build.0 = Debug|Any CPU
		{0E583840-867F-472C-B004-365C9A060BCE}.Release|Any CPU.ActiveCfg = Release|Any CPU
		{0E583840-867F-472C-B004-365C9A060BCE}.Release|Any CPU.Build.0 = Release|Any CPU
	EndGlobalSection
	GlobalSection(SolutionProperties) = preSolution
		HideSolutionNode = FALSE
	EndGlobalSection
	GlobalSection(ExtensibilityGlobals) = postSolution
		SolutionGuid = {BA04211C-B12C-4AC3-8D98-47CBEF891E71}
	EndGlobalSection
EndGlobal
